
Microsoft Visual Studio Solution File, Format Version 12.00
# Visual Studio Version 17
VisualStudioVersion = 17.6.33712.159
MinimumVisualStudioVersion = 10.0.40219.1
Project("{FAE04EC0-301F-11D3-BF4B-00C04F79EFBC}") = "MenuEstudoAvancado", "MenuEstudoAvancado\MenuEstudoAvancado.csproj", "{7DC181CA-8160-4476-8739-36A0F04927B6}"
EndProject
Global
	GlobalSection(SolutionConfigurationPlatforms) = preSolution
		Debug|Any CPU = Debug|Any CPU
		Release|Any CPU = Release|Any CPU
	EndGlobalSection
	GlobalSection(ProjectConfigurationPlatforms) = postSolution
		{7DC181CA-8160-4476-8739-36A0F04927B6}.Debug|Any CPU.ActiveCfg = Debug|Any CPU
		{7DC181CA-8160-4476-8739-36A0F04927B6}.Debug|Any CPU.Build.0 = Debug|Any CPU
		{7DC181CA-8160-4476-8739-36A0F04927B6}.Release|Any CPU.ActiveCfg = Release|Any CPU
		{7DC181CA-8160-4476-8739-36A0F04927B6}.Release|Any CPU.Build.0 = Release|Any CPU
	EndGlobalSection
	GlobalSection(SolutionProperties) = preSolution
		HideSolutionNode = FALSE
	EndGlobalSection
	GlobalSection(ExtensibilityGlobals) = postSolution
		SolutionGuid = {5A47E8FE-45CF-4EBF-9B8B-00D6F75B53C8}
	EndGlobalSection
EndGlobal
